
Microsoft Visual Studio Solution File, Format Version 12.00
# Visual Studio 15
VisualStudioVersion = 15.0.26730.16
MinimumVisualStudioVersion = 10.0.40219.1
Project("{FAE04EC0-301F-11D3-BF4B-00C04F79EFBC}") = "DemoEvento", "DemoEvento\DemoEvento.csproj", "{E9BF90D3-5D2F-4666-A9C6-EC339A20BD6D}"
EndProject
Global
	GlobalSection(SolutionConfigurationPlatforms) = preSolution
		Debug|Any CPU = Debug|Any CPU
		Release|Any CPU = Release|Any CPU
	EndGlobalSection
	GlobalSection(ProjectConfigurationPlatforms) = postSolution
		{E9BF90D3-5D2F-4666-A9C6-EC339A20BD6D}.Debug|Any CPU.ActiveCfg = Debug|Any CPU
		{E9BF90D3-5D2F-4666-A9C6-EC339A20BD6D}.Debug|Any CPU.Build.0 = Debug|Any CPU
		{E9BF90D3-5D2F-4666-A9C6-EC339A20BD6D}.Release|Any CPU.ActiveCfg = Release|Any CPU
		{E9BF90D3-5D2F-4666-A9C6-EC339A20BD6D}.Release|Any CPU.Build.0 = Release|Any CPU
	EndGlobalSection
	GlobalSection(SolutionProperties) = preSolution
		HideSolutionNode = FALSE
	EndGlobalSection
	GlobalSection(ExtensibilityGlobals) = postSolution
		SolutionGuid = {1C8C498E-5F0E-435E-B872-3466E122851B}
	EndGlobalSection
EndGlobal
